
Microsoft Visual Studio Solution File, Format Version 12.00
# Visual Studio 2013
VisualStudioVersion = 12.0.21005.1
MinimumVisualStudioVersion = 10.0.40219.1
Project("{8BC9CEB8-8B4A-11D0-8D11-00A0C91BC942}") = "Random", "Dancing-Silly-Coffin\Dancing-Silly-Coffin.vcxproj", "{8032AD80-A0D8-4806-A677-F73B0F1551AA}"
EndProject
Project("{8BC9CEB8-8B4A-11D0-8D11-00A0C91BC942}") = "Sieve", "Sieve\Sieve.vcxproj", "{DDE868F9-F86C-4E05-903D-1E2B6AEE6B2F}"
EndProject
Project("{8BC9CEB8-8B4A-11D0-8D11-00A0C91BC942}") = "Conways-Game-Of-Life-and-Death", "Conways-Game-Of-Life-and-Death\Conways-Game-Of-Life-and-Death.vcxproj", "{3C260B95-5857-482A-9B99-08802202C07E}"
EndProject
Global
	GlobalSection(SolutionConfigurationPlatforms) = preSolution
		Debug|Win32 = Debug|Win32
		Release|Win32 = Release|Win32
	EndGlobalSection
	GlobalSection(ProjectConfigurationPlatforms) = postSolution
		{8032AD80-A0D8-4806-A677-F73B0F1551AA}.Debug|Win32.ActiveCfg = Debug|Win32
		{8032AD80-A0D8-4806-A677-F73B0F1551AA}.Debug|Win32.Build.0 = Debug|Win32
		{8032AD80-A0D8-4806-A677-F73B0F1551AA}.Release|Win32.ActiveCfg = Release|Win32
		{8032AD80-A0D8-4806-A677-F73B0F1551AA}.Release|Win32.Build.0 = Release|Win32
		{DDE868F9-F86C-4E05-903D-1E2B6AEE6B2F}.Debug|Win32.ActiveCfg = Debug|Win32
		{DDE868F9-F86C-4E05-903D-1E2B6AEE6B2F}.Debug|Win32.Build.0 = Debug|Win32
		{DDE868F9-F86C-4E05-903D-1E2B6AEE6B2F}.Release|Win32.ActiveCfg = Release|Win32
		{DDE868F9-F86C-4E05-903D-1E2B6AEE6B2F}.Release|Win32.Build.0 = Release|Win32
		{3C260B95-5857-482A-9B99-08802202C07E}.Debug|Win32.ActiveCfg = Debug|Win32
		{3C260B95-5857-482A-9B99-08802202C07E}.Debug|Win32.Build.0 = Debug|Win32
		{3C260B95-5857-482A-9B99-08802202C07E}.Release|Win32.ActiveCfg = Release|Win32
		{3C260B95-5857-482A-9B99-08802202C07E}.Release|Win32.Build.0 = Release|Win32
	EndGlobalSection
	GlobalSection(SolutionProperties) = preSolution
		HideSolutionNode = FALSE
	EndGlobalSection
EndGlobal
